# This file is autogenerated, do not edit; changes may be undone by the next 'dep ensure'.


[[projects]]
  branch = "master"
  digest = "1:5430bf8a572af357fba5aab0ac466c31c6d86f03085b3014f2494500c45e3c89"
  name = "github.com/DataDog/mmh3"
  packages = ["."]
  pruneopts = ""
  revision = "2cfb68475274527a10701355c739f31dd404718c"

[[projects]]
  digest = "1:56c130d885a4aacae1dd9c7b71cfe39912c7ebc1ff7d2b46083c8812996dc43b"
  name = "github.com/davecgh/go-spew"
  packages = ["spew"]
  pruneopts = ""
  revision = "346938d642f2ec3594ed81d874461961cd0faa76"
  version = "v1.1.0"

[[projects]]
  branch = "master"
  digest = "1:2407d73d2349c9dd9d7b2c9fafcee9412444cb6cb261ee47ebb751b2a5507976"
  name = "github.com/dgryski/go-farm"
  packages = ["."]
  pruneopts = ""
  revision = "2de33835d10275975374b37b2dcfd22c9020a1f5"

[[projects]]
  digest = "1:256484dbbcd271f9ecebc6795b2df8cad4c458dd0f5fd82a8c2fa0c29f233411"
  name = "github.com/pmezard/go-difflib"
  packages = ["difflib"]
  pruneopts = ""
  revision = "792786c7400a136282c1664665ae0a8db921c6c2"
  version = "v1.0.0"

[[projects]]
  digest = "1:381bcbeb112a51493d9d998bbba207a529c73dbb49b3fd789e48c63fac1f192c"
  name = "github.com/stretchr/testify"
  packages = ["assert"]
  pruneopts = ""
  revision = "ffdc059bfe9ce6a4e144ba849dbedead332c6053"
  version = "v1.3.0"

[solve-meta]
  analyzer-name = "dep"
  analyzer-version = 1
  input-imports = [
    "github.com/DataDog/mmh3",
    "github.com/davecgh/go-spew/spew",
    "github.com/dgryski/go-farm",
    "github.com/pmezard/go-difflib/difflib",
    "github.com/stretchr/testify/assert",
  ]
  solver-name = "gps-cdcl"
  solver-version = 1
